
Microsoft Visual Studio Solution File, Format Version 12.00
# Visual Studio Version 16
VisualStudioVersion = 16.0.32106.194
MinimumVisualStudioVersion = 10.0.40219.1
Project("{FAE04EC0-301F-11D3-BF4B-00C04F79EFBC}") = "PMS.DAL", "PMS.DAL\PMS.DAL.csproj", "{AA2982CA-7B1A-4EE8-A708-DFB04245CDF4}"
EndProject
Project("{FAE04EC0-301F-11D3-BF4B-00C04F79EFBC}") = "PMS.BusinessLayer", "PMS.BusinessLayer\PMS.BusinessLayer.csproj", "{716400FA-5894-4FE4-B267-AF8E52EB5127}"
EndProject
Project("{FAE04EC0-301F-11D3-BF4B-00C04F79EFBC}") = "PMS.WebApi", "PMS.WebApi\PMS.WebApi.csproj", "{BE6846AF-1D48-4868-829E-1FF45E49312C}"
EndProject
Global
	GlobalSection(SolutionConfigurationPlatforms) = preSolution
		Debug|Any CPU = Debug|Any CPU
		Release|Any CPU = Release|Any CPU
	EndGlobalSection
	GlobalSection(ProjectConfigurationPlatforms) = postSolution
		{AA2982CA-7B1A-4EE8-A708-DFB04245CDF4}.Debug|Any CPU.ActiveCfg = Debug|Any CPU
		{AA2982CA-7B1A-4EE8-A708-DFB04245CDF4}.Debug|Any CPU.Build.0 = Debug|Any CPU
		{AA2982CA-7B1A-4EE8-A708-DFB04245CDF4}.Release|Any CPU.ActiveCfg = Release|Any CPU
		{AA2982CA-7B1A-4EE8-A708-DFB04245CDF4}.Release|Any CPU.Build.0 = Release|Any CPU
		{716400FA-5894-4FE4-B267-AF8E52EB5127}.Debug|Any CPU.ActiveCfg = Debug|Any CPU
		{716400FA-5894-4FE4-B267-AF8E52EB5127}.Debug|Any CPU.Build.0 = Debug|Any CPU
		{716400FA-5894-4FE4-B267-AF8E52EB5127}.Release|Any CPU.ActiveCfg = Release|Any CPU
		{716400FA-5894-4FE4-B267-AF8E52EB5127}.Release|Any CPU.Build.0 = Release|Any CPU
		{BE6846AF-1D48-4868-829E-1FF45E49312C}.Debug|Any CPU.ActiveCfg = Debug|Any CPU
		{BE6846AF-1D48-4868-829E-1FF45E49312C}.Debug|Any CPU.Build.0 = Debug|Any CPU
		{BE6846AF-1D48-4868-829E-1FF45E49312C}.Release|Any CPU.ActiveCfg = Release|Any CPU
		{BE6846AF-1D48-4868-829E-1FF45E49312C}.Release|Any CPU.Build.0 = Release|Any CPU
	EndGlobalSection
	GlobalSection(SolutionProperties) = preSolution
		HideSolutionNode = FALSE
	EndGlobalSection
	GlobalSection(ExtensibilityGlobals) = postSolution
		SolutionGuid = {B89FA644-255A-42E5-A41F-B6777E964A50}
	EndGlobalSection
EndGlobal
